// !$*UTF8*$!
{
	archiveVersion = 1;
	classes = {
	};
	objectVersion = 46;
	objects = {

/* Begin PBXBuildFile section */
		590309A91E6BEE090082B1BB /* OptionsViewController.swift in Sources */ = {isa = PBXBuildFile; fileRef = 590309A81E6BEE090082B1BB /* OptionsViewController.swift */; };
		590A486A1E690D610054F1D3 /* LessonViewController.swift in Sources */ = {isa = PBXBuildFile; fileRef = 590A48691E690D610054F1D3 /* LessonViewController.swift */; };
		590A486C1E6929160054F1D3 /* LeftRightTableViewCell.swift in Sources */ = {isa = PBXBuildFile; fileRef = 590A486B1E6929160054F1D3 /* LeftRightTableViewCell.swift */; };
		5914C4471E64B6F700A09100 /* options.swift in Sources */ = {isa = PBXBuildFile; fileRef = 5914C4461E64B6F700A09100 /* options.swift */; };
		591F98D91E52758E00B5F7D1 /* commonWords.txt in Resources */ = {isa = PBXBuildFile; fileRef = 591F98D81E52758E00B5F7D1 /* commonWords.txt */; };
		591F98E51E52E33600B5F7D1 /* ExpandingTableViewController.swift in Sources */ = {isa = PBXBuildFile; fileRef = 591F98E41E52E33600B5F7D1 /* ExpandingTableViewController.swift */; };
		591F98E71E52E86400B5F7D1 /* ExpandingTableViewCell.swift in Sources */ = {isa = PBXBuildFile; fileRef = 591F98E61E52E86400B5F7D1 /* ExpandingTableViewCell.swift */; };
		5941DB501E460B190065EDCD /* MenuViewController.swift in Sources */ = {isa = PBXBuildFile; fileRef = 5941DB4F1E460B190065EDCD /* MenuViewController.swift */; };
		5947BB7C1E3EC2FB00E55AC9 /* AppDelegate.swift in Sources */ = {isa = PBXBuildFile; fileRef = 5947BB7B1E3EC2FB00E55AC9 /* AppDelegate.swift */; };
		5947BB811E3EC2FB00E55AC9 /* onThePlaneKorean.storyboard in Resources */ = {isa = PBXBuildFile; fileRef = 5947BB7F1E3EC2FB00E55AC9 /* onThePlaneKorean.storyboard */; };
		5947BB841E3EC2FB00E55AC9 /* onThePlaneKorean.xcdatamodeld in Sources */ = {isa = PBXBuildFile; fileRef = 5947BB821E3EC2FB00E55AC9 /* onThePlaneKorean.xcdatamodeld */; };
		5947BB861E3EC2FB00E55AC9 /* Assets.xcassets in Resources */ = {isa = PBXBuildFile; fileRef = 5947BB851E3EC2FB00E55AC9 /* Assets.xcassets */; };
		5947BB891E3EC2FB00E55AC9 /* LaunchScreen.storyboard in Resources */ = {isa = PBXBuildFile; fileRef = 5947BB871E3EC2FB00E55AC9 /* LaunchScreen.storyboard */; };
		5947BB9D1E3EDB3F00E55AC9 /* level1.txt in Resources */ = {isa = PBXBuildFile; fileRef = 5947BB991E3EDB3F00E55AC9 /* level1.txt */; };
		5947BB9E1E3EDB3F00E55AC9 /* level2.txt in Resources */ = {isa = PBXBuildFile; fileRef = 5947BB9A1E3EDB3F00E55AC9 /* level2.txt */; };
		5947BB9F1E3EDB3F00E55AC9 /* level3.txt in Resources */ = {isa = PBXBuildFile; fileRef = 5947BB9B1E3EDB3F00E55AC9 /* level3.txt */; };
		5947BBA01E3EDB3F00E55AC9 /* level4.txt in Resources */ = {isa = PBXBuildFile; fileRef = 5947BB9C1E3EDB3F00E55AC9 /* level4.txt */; };
		5947BBB41E3F2A2700E55AC9 /* QuestionViewController.swift in Sources */ = {isa = PBXBuildFile; fileRef = 5947BBB31E3F2A2700E55AC9 /* QuestionViewController.swift */; };
		5959543B1E40BABC004FE725 /* TutorialViewController.swift in Sources */ = {isa = PBXBuildFile; fileRef = 5959543A1E40BABC004FE725 /* TutorialViewController.swift */; };
		59D501FA1E57C7A500355D35 /* level5.txt in Resources */ = {isa = PBXBuildFile; fileRef = 59D501F91E57C7A500355D35 /* level5.txt */; };
		59F684BD1E53269400F1FA2C /* customColors.swift in Sources */ = {isa = PBXBuildFile; fileRef = 59F684BC1E53269400F1FA2C /* customColors.swift */; };
/* End PBXBuildFile section */

/* Begin PBXFileReference section */
		590309A81E6BEE090082B1BB /* OptionsViewController.swift */ = {isa = PBXFileReference; fileEncoding = 4; lastKnownFileType = sourcecode.swift; path = OptionsViewController.swift; sourceTree = "<group>"; };
		590A48691E690D610054F1D3 /* LessonViewController.swift */ = {isa = PBXFileReference; fileEncoding = 4; lastKnownFileType = sourcecode.swift; path = LessonViewController.swift; sourceTree = "<group>"; };
		590A486B1E6929160054F1D3 /* LeftRightTableViewCell.swift */ = {isa = PBXFileReference; fileEncoding = 4; lastKnownFileType = sourcecode.swift; path = LeftRightTableViewCell.swift; sourceTree = "<group>"; };
		5914C4461E64B6F700A09100 /* options.swift */ = {isa = PBXFileReference; fileEncoding = 4; lastKnownFileType = sourcecode.swift; path = options.swift; sourceTree = "<group>"; };
		591F98D81E52758E00B5F7D1 /* commonWords.txt */ = {isa = PBXFileReference; fileEncoding = 4; lastKnownFileType = text; path = commonWords.txt; sourceTree = "<group>"; };
		591F98E41E52E33600B5F7D1 /* ExpandingTableViewController.swift */ = {isa = PBXFileReference; fileEncoding = 4; lastKnownFileType = sourcecode.swift; path = ExpandingTableViewController.swift; sourceTree = "<group>"; };
		591F98E61E52E86400B5F7D1 /* ExpandingTableViewCell.swift */ = {isa = PBXFileReference; fileEncoding = 4; lastKnownFileType = sourcecode.swift; path = ExpandingTableViewCell.swift; sourceTree = "<group>"; };
		5941DB4F1E460B190065EDCD /* MenuViewController.swift */ = {isa = PBXFileReference; fileEncoding = 4; lastKnownFileType = sourcecode.swift; path = MenuViewController.swift; sourceTree = "<group>"; };
		5947BB781E3EC2FB00E55AC9 /* onThePlaneKorean.app */ = {isa = PBXFileReference; explicitFileType = wrapper.application; includeInIndex = 0; path = onThePlaneKorean.app; sourceTree = BUILT_PRODUCTS_DIR; };
		5947BB7B1E3EC2FB00E55AC9 /* AppDelegate.swift */ = {isa = PBXFileReference; lastKnownFileType = sourcecode.swift; path = AppDelegate.swift; sourceTree = "<group>"; };
		5947BB801E3EC2FB00E55AC9 /* Base */ = {isa = PBXFileReference; lastKnownFileType = file.storyboard; name = Base; path = Base.lproj/onThePlaneKorean.storyboard; sourceTree = "<group>"; };
		5947BB831E3EC2FB00E55AC9 /* onThePlaneKorean.xcdatamodel */ = {isa = PBXFileReference; lastKnownFileType = wrapper.xcdatamodel; path = onThePlaneKorean.xcdatamodel; sourceTree = "<group>"; };
		5947BB851E3EC2FB00E55AC9 /* Assets.xcassets */ = {isa = PBXFileReference; lastKnownFileType = folder.assetcatalog; path = Assets.xcassets; sourceTree = "<group>"; };
		5947BB881E3EC2FB00E55AC9 /* Base */ = {isa = PBXFileReference; lastKnownFileType = file.storyboard; name = Base; path = Base.lproj/LaunchScreen.storyboard; sourceTree = "<group>"; };
		5947BB8A1E3EC2FB00E55AC9 /* Info.plist */ = {isa = PBXFileReference; lastKnownFileType = text.plist.xml; path = Info.plist; sourceTree = "<group>"; };
		5947BB991E3EDB3F00E55AC9 /* level1.txt */ = {isa = PBXFileReference; fileEncoding = 4; lastKnownFileType = text; path = level1.txt; sourceTree = "<group>"; };
		5947BB9A1E3EDB3F00E55AC9 /* level2.txt */ = {isa = PBXFileReference; fileEncoding = 4; lastKnownFileType = text; path = level2.txt; sourceTree = "<group>"; };
		5947BB9B1E3EDB3F00E55AC9 /* level3.txt */ = {isa = PBXFileReference; fileEncoding = 4; lastKnownFileType = text; path = level3.txt; sourceTree = "<group>"; };
		5947BB9C1E3EDB3F00E55AC9 /* level4.txt */ = {isa = PBXFileReference; fileEncoding = 4; lastKnownFileType = text; path = level4.txt; sourceTree = "<group>"; };
		5947BBB31E3F2A2700E55AC9 /* QuestionViewController.swift */ = {isa = PBXFileReference; fileEncoding = 4; lastKnownFileType = sourcecode.swift; path = QuestionViewController.swift; sourceTree = "<group>"; };
		5959543A1E40BABC004FE725 /* TutorialViewController.swift */ = {isa = PBXFileReference; fileEncoding = 4; lastKnownFileType = sourcecode.swift; path = TutorialViewController.swift; sourceTree = "<group>"; };
		59D501F91E57C7A500355D35 /* level5.txt */ = {isa = PBXFileReference; fileEncoding = 4; lastKnownFileType = text; path = level5.txt; sourceTree = "<group>"; };
		59F684BC1E53269400F1FA2C /* customColors.swift */ = {isa = PBXFileReference; fileEncoding = 4; lastKnownFileType = sourcecode.swift; path = customColors.swift; sourceTree = "<group>"; };
/* End PBXFileReference section */

/* Begin PBXFrameworksBuildPhase section */
		5947BB751E3EC2FB00E55AC9 /* Frameworks */ = {
			isa = PBXFrameworksBuildPhase;
			buildActionMask = 2147483647;
			files = (
			);
			runOnlyForDeploymentPostprocessing = 0;
		};
/* End PBXFrameworksBuildPhase section */

/* Begin PBXGroup section */
		5947BB6F1E3EC2FB00E55AC9 = {
			isa = PBXGroup;
			children = (
				5947BB7A1E3EC2FB00E55AC9 /* onThePlaneKorean */,
				5947BB791E3EC2FB00E55AC9 /* Products */,
			);
			sourceTree = "<group>";
		};
		5947BB791E3EC2FB00E55AC9 /* Products */ = {
			isa = PBXGroup;
			children = (
				5947BB781E3EC2FB00E55AC9 /* onThePlaneKorean.app */,
			);
			name = Products;
			sourceTree = "<group>";
		};
		5947BB7A1E3EC2FB00E55AC9 /* onThePlaneKorean */ = {
			isa = PBXGroup;
			children = (
				5947BB7F1E3EC2FB00E55AC9 /* onThePlaneKorean.storyboard */,
				5947BB7B1E3EC2FB00E55AC9 /* AppDelegate.swift */,
				5941DB4F1E460B190065EDCD /* MenuViewController.swift */,
				5947BBB31E3F2A2700E55AC9 /* QuestionViewController.swift */,
				5959543A1E40BABC004FE725 /* TutorialViewController.swift */,
				590A48691E690D610054F1D3 /* LessonViewController.swift */,
				591F98E41E52E33600B5F7D1 /* ExpandingTableViewController.swift */,
				591F98E61E52E86400B5F7D1 /* ExpandingTableViewCell.swift */,
				590A486B1E6929160054F1D3 /* LeftRightTableViewCell.swift */,
				590309A81E6BEE090082B1BB /* OptionsViewController.swift */,
				5914C4461E64B6F700A09100 /* options.swift */,
				59F684BC1E53269400F1FA2C /* customColors.swift */,
				5947BB851E3EC2FB00E55AC9 /* Assets.xcassets */,
				5947BB871E3EC2FB00E55AC9 /* LaunchScreen.storyboard */,
				5947BB981E3EDB0500E55AC9 /* levels */,
				5947BB8A1E3EC2FB00E55AC9 /* Info.plist */,
				5947BB821E3EC2FB00E55AC9 /* onThePlaneKorean.xcdatamodeld */,
			);
			path = onThePlaneKorean;
			sourceTree = "<group>";
		};
		5947BB981E3EDB0500E55AC9 /* levels */ = {
			isa = PBXGroup;
			children = (
				5947BB991E3EDB3F00E55AC9 /* level1.txt */,
				5947BB9A1E3EDB3F00E55AC9 /* level2.txt */,
				5947BB9B1E3EDB3F00E55AC9 /* level3.txt */,
				5947BB9C1E3EDB3F00E55AC9 /* level4.txt */,
				59D501F91E57C7A500355D35 /* level5.txt */,
				591F98D81E52758E00B5F7D1 /* commonWords.txt */,
			);
			name = levels;
			sourceTree = "<group>";
		};
/* End PBXGroup section */

/* Begin PBXNativeTarget section */
		5947BB771E3EC2FB00E55AC9 /* onThePlaneKorean */ = {
			isa = PBXNativeTarget;
			buildConfigurationList = 5947BB8D1E3EC2FB00E55AC9 /* Build configuration list for PBXNativeTarget "onThePlaneKorean" */;
			buildPhases = (
				5947BB741E3EC2FB00E55AC9 /* Sources */,
				5947BB751E3EC2FB00E55AC9 /* Frameworks */,
				5947BB761E3EC2FB00E55AC9 /* Resources */,
			);
			buildRules = (
			);
			dependencies = (
			);
			name = onThePlaneKorean;
			productName = onThePlaneKorean;
			productReference = 5947BB781E3EC2FB00E55AC9 /* onThePlaneKorean.app */;
			productType = "com.apple.product-type.application";
		};
/* End PBXNativeTarget section */

/* Begin PBXProject section */
		5947BB701E3EC2FB00E55AC9 /* Project object */ = {
			isa = PBXProject;
			attributes = {
				LastSwiftUpdateCheck = 0800;
				LastUpgradeCheck = 0800;
				ORGANIZATIONNAME = Goldjay;
				TargetAttributes = {
					5947BB771E3EC2FB00E55AC9 = {
						CreatedOnToolsVersion = 8.0;
						DevelopmentTeam = HR2MYMKCB9;
						ProvisioningStyle = Automatic;
					};
				};
			};
			buildConfigurationList = 5947BB731E3EC2FB00E55AC9 /* Build configuration list for PBXProject "onThePlaneKorean" */;
			compatibilityVersion = "Xcode 3.2";
			developmentRegion = English;
			hasScannedForEncodings = 0;
			knownRegions = (
				en,
				Base,
			);
			mainGroup = 5947BB6F1E3EC2FB00E55AC9;
			productRefGroup = 5947BB791E3EC2FB00E55AC9 /* Products */;
			projectDirPath = "";
			projectRoot = "";
			targets = (
				5947BB771E3EC2FB00E55AC9 /* onThePlaneKorean */,
			);
		};
/* End PBXProject section */

/* Begin PBXResourcesBuildPhase section */
		5947BB761E3EC2FB00E55AC9 /* Resources */ = {
			isa = PBXResourcesBuildPhase;
			buildActionMask = 2147483647;
			files = (
				5947BB9E1E3EDB3F00E55AC9 /* level2.txt in Resources */,
				5947BB9F1E3EDB3F00E55AC9 /* level3.txt in Resources */,
				5947BB891E3EC2FB00E55AC9 /* LaunchScreen.storyboard in Resources */,
				5947BB9D1E3EDB3F00E55AC9 /* level1.txt in Resources */,
				5947BB861E3EC2FB00E55AC9 /* Assets.xcassets in Resources */,
				59D501FA1E57C7A500355D35 /* level5.txt in Resources */,
				591F98D91E52758E00B5F7D1 /* commonWords.txt in Resources */,
				5947BB811E3EC2FB00E55AC9 /* onThePlaneKorean.storyboard in Resources */,
				5947BBA01E3EDB3F00E55AC9 /* level4.txt in Resources */,
			);
			runOnlyForDeploymentPostprocessing = 0;
		};
/* End PBXResourcesBuildPhase section */

/* Begin PBXSourcesBuildPhase section */
		5947BB741E3EC2FB00E55AC9 /* Sources */ = {
			isa = PBXSourcesBuildPhase;
			buildActionMask = 2147483647;
			files = (
				591F98E71E52E86400B5F7D1 /* ExpandingTableViewCell.swift in Sources */,
				5947BB841E3EC2FB00E55AC9 /* onThePlaneKorean.xcdatamodeld in Sources */,
				59F684BD1E53269400F1FA2C /* customColors.swift in Sources */,
				5947BBB41E3F2A2700E55AC9 /* QuestionViewController.swift in Sources */,
				591F98E51E52E33600B5F7D1 /* ExpandingTableViewController.swift in Sources */,
				5947BB7C1E3EC2FB00E55AC9 /* AppDelegate.swift in Sources */,
				5914C4471E64B6F700A09100 /* options.swift in Sources */,
				590A486C1E6929160054F1D3 /* LeftRightTableViewCell.swift in Sources */,
				5959543B1E40BABC004FE725 /* TutorialViewController.swift in Sources */,
				590309A91E6BEE090082B1BB /* OptionsViewController.swift in Sources */,
				590A486A1E690D610054F1D3 /* LessonViewController.swift in Sources */,
				5941DB501E460B190065EDCD /* MenuViewController.swift in Sources */,
			);
			runOnlyForDeploymentPostprocessing = 0;
		};
/* End PBXSourcesBuildPhase section */

/* Begin PBXVariantGroup section */
		5947BB7F1E3EC2FB00E55AC9 /* onThePlaneKorean.storyboard */ = {
			isa = PBXVariantGroup;
			children = (
				5947BB801E3EC2FB00E55AC9 /* Base */,
			);
			name = onThePlaneKorean.storyboard;
			sourceTree = "<group>";
		};
		5947BB871E3EC2FB00E55AC9 /* LaunchScreen.storyboard */ = {
			isa = PBXVariantGroup;
			children = (
				5947BB881E3EC2FB00E55AC9 /* Base */,
			);
			name = LaunchScreen.storyboard;
			sourceTree = "<group>";
		};
/* End PBXVariantGroup section */

/* Begin XCBuildConfiguration section */
		5947BB8B1E3EC2FB00E55AC9 /* Debug */ = {
			isa = XCBuildConfiguration;
			buildSettings = {
				ALWAYS_SEARCH_USER_PATHS = NO;
				CLANG_ANALYZER_NONNULL = YES;
				CLANG_CXX_LANGUAGE_STANDARD = "gnu++0x";
				CLANG_CXX_LIBRARY = "libc++";
				CLANG_ENABLE_MODULES = YES;
				CLANG_ENABLE_OBJC_ARC = YES;
				CLANG_WARN_BOOL_CONVERSION = YES;
				CLANG_WARN_CONSTANT_CONVERSION = YES;
				CLANG_WARN_DIRECT_OBJC_ISA_USAGE = YES_ERROR;
				CLANG_WARN_DOCUMENTATION_COMMENTS = YES;
				CLANG_WARN_EMPTY_BODY = YES;
				CLANG_WARN_ENUM_CONVERSION = YES;
				CLANG_WARN_INFINITE_RECURSION = YES;
				CLANG_WARN_INT_CONVERSION = YES;
				CLANG_WARN_OBJC_ROOT_CLASS = YES_ERROR;
				CLANG_WARN_SUSPICIOUS_MOVES = YES;
				CLANG_WARN_UNREACHABLE_CODE = YES;
				CLANG_WARN__DUPLICATE_METHOD_MATCH = YES;
				"CODE_SIGN_IDENTITY[sdk=iphoneos*]" = "iPhone Developer";
				COPY_PHASE_STRIP = NO;
				DEBUG_INFORMATION_FORMAT = dwarf;
				ENABLE_STRICT_OBJC_MSGSEND = YES;
				ENABLE_TESTABILITY = YES;
				GCC_C_LANGUAGE_STANDARD = gnu99;
				GCC_DYNAMIC_NO_PIC = NO;
				GCC_NO_COMMON_BLOCKS = YES;
				GCC_OPTIMIZATION_LEVEL = 0;
				GCC_PREPROCESSOR_DEFINITIONS = (
					"DEBUG=1",
					"$(inherited)",
				);
				GCC_WARN_64_TO_32_BIT_CONVERSION = YES;
				GCC_WARN_ABOUT_RETURN_TYPE = YES_ERROR;
				GCC_WARN_UNDECLARED_SELECTOR = YES;
				GCC_WARN_UNINITIALIZED_AUTOS = YES_AGGRESSIVE;
				GCC_WARN_UNUSED_FUNCTION = YES;
				GCC_WARN_UNUSED_VARIABLE = YES;
				IPHONEOS_DEPLOYMENT_TARGET = 10.0;
				MTL_ENABLE_DEBUG_INFO = YES;
				ONLY_ACTIVE_ARCH = YES;
				SDKROOT = iphoneos;
				SWIFT_ACTIVE_COMPILATION_CONDITIONS = DEBUG;
				SWIFT_OPTIMIZATION_LEVEL = "-Onone";
				TARGETED_DEVICE_FAMILY = "1,2";
			};
			name = Debug;
		};
		5947BB8C1E3EC2FB00E55AC9 /* Release */ = {
			isa = XCBuildConfiguration;
			buildSettings = {
				ALWAYS_SEARCH_USER_PATHS = NO;
				CLANG_ANALYZER_NONNULL = YES;
				CLANG_CXX_LANGUAGE_STANDARD = "gnu++0x";
				CLANG_CXX_LIBRARY = "libc++";
				CLANG_ENABLE_MODULES = YES;
				CLANG_ENABLE_OBJC_ARC = YES;
				CLANG_WARN_BOOL_CONVERSION = YES;
				CLANG_WARN_CONSTANT_CONVERSION = YES;
				CLANG_WARN_DIRECT_OBJC_ISA_USAGE = YES_ERROR;
				CLANG_WARN_DOCUMENTATION_COMMENTS = YES;
				CLANG_WARN_EMPTY_BODY = YES;
				CLANG_WARN_ENUM_CONVERSION = YES;
				CLANG_WARN_INFINITE_RECURSION = YES;
				CLANG_WARN_INT_CONVERSION = YES;
				CLANG_WARN_OBJC_ROOT_CLASS = YES_ERROR;
				CLANG_WARN_SUSPICIOUS_MOVES = YES;
				CLANG_WARN_UNREACHABLE_CODE = YES;
				CLANG_WARN__DUPLICATE_METHOD_MATCH = YES;
				"CODE_SIGN_IDENTITY[sdk=iphoneos*]" = "iPhone Developer";
				COPY_PHASE_STRIP = NO;
				DEBUG_INFORMATION_FORMAT = "dwarf-with-dsym";
				ENABLE_NS_ASSERTIONS = NO;
				ENABLE_STRICT_OBJC_MSGSEND = YES;
				GCC_C_LANGUAGE_STANDARD = gnu99;
				GCC_NO_COMMON_BLOCKS = YES;
				GCC_WARN_64_TO_32_BIT_CONVERSION = YES;
				GCC_WARN_ABOUT_RETURN_TYPE = YES_ERROR;
				GCC_WARN_UNDECLARED_SELECTOR = YES;
				GCC_WARN_UNINITIALIZED_AUTOS = YES_AGGRESSIVE;
				GCC_WARN_UNUSED_FUNCTION = YES;
				GCC_WARN_UNUSED_VARIABLE = YES;
				IPHONEOS_DEPLOYMENT_TARGET = 10.0;
				MTL_ENABLE_DEBUG_INFO = NO;
				SDKROOT = iphoneos;
				SWIFT_OPTIMIZATION_LEVEL = "-Owholemodule";
				TARGETED_DEVICE_FAMILY = "1,2";
				VALIDATE_PRODUCT = YES;
			};
			name = Release;
		};
		5947BB8E1E3EC2FB00E55AC9 /* Debug */ = {
			isa = XCBuildConfiguration;
			buildSettings = {
				ASSETCATALOG_COMPILER_APPICON_NAME = AppIcon;
				DEVELOPMENT_TEAM = HR2MYMKCB9;
				INFOPLIST_FILE = onThePlaneKorean/Info.plist;
				LD_RUNPATH_SEARCH_PATHS = "$(inherited) @executable_path/Frameworks";
				PRODUCT_BUNDLE_IDENTIFIER = com.goldjay.onThePlaneKorean;
				PRODUCT_NAME = "$(TARGET_NAME)";
				SWIFT_VERSION = 3.0;
			};
			name = Debug;
		};
		5947BB8F1E3EC2FB00E55AC9 /* Release */ = {
			isa = XCBuildConfiguration;
			buildSettings = {
				ASSETCATALOG_COMPILER_APPICON_NAME = AppIcon;
				DEVELOPMENT_TEAM = HR2MYMKCB9;
				INFOPLIST_FILE = onThePlaneKorean/Info.plist;
				LD_RUNPATH_SEARCH_PATHS = "$(inherited) @executable_path/Frameworks";
				PRODUCT_BUNDLE_IDENTIFIER = com.goldjay.onThePlaneKorean;
				PRODUCT_NAME = "$(TARGET_NAME)";
				SWIFT_VERSION = 3.0;
			};
			name = Release;
		};
/* End XCBuildConfiguration section */

/* Begin XCConfigurationList section */
		5947BB731E3EC2FB00E55AC9 /* Build configuration list for PBXProject "onThePlaneKorean" */ = {
			isa = XCConfigurationList;
			buildConfigurations = (
				5947BB8B1E3EC2FB00E55AC9 /* Debug */,
				5947BB8C1E3EC2FB00E55AC9 /* Release */,
			);
			defaultConfigurationIsVisible = 0;
			defaultConfigurationName = Release;
		};
		5947BB8D1E3EC2FB00E55AC9 /* Build configuration list for PBXNativeTarget "onThePlaneKorean" */ = {
			isa = XCConfigurationList;
			buildConfigurations = (
				5947BB8E1E3EC2FB00E55AC9 /* Debug */,
				5947BB8F1E3EC2FB00E55AC9 /* Release */,
			);
			defaultConfigurationIsVisible = 0;
			defaultConfigurationName = Release;
		};
/* End XCConfigurationList section */

/* Begin XCVersionGroup section */
		5947BB821E3EC2FB00E55AC9 /* onThePlaneKorean.xcdatamodeld */ = {
			isa = XCVersionGroup;
			children = (
				5947BB831E3EC2FB00E55AC9 /* onThePlaneKorean.xcdatamodel */,
			);
			currentVersion = 5947BB831E3EC2FB00E55AC9 /* onThePlaneKorean.xcdatamodel */;
			path = onThePlaneKorean.xcdatamodeld;
			sourceTree = "<group>";
			versionGroupType = wrapper.xcdatamodel;
		};
/* End XCVersionGroup section */
	};
	rootObject = 5947BB701E3EC2FB00E55AC9 /* Project object */;
}
